// !$*UTF8*$!
{
	archiveVersion = 1;
	classes = {
	};
	objectVersion = 46;
	objects = {

/* Begin PBXBuildFile section */
		4912DBD919A66EC200024D3A /* libGTLTouchStaticLib.a in Frameworks */ = {isa = PBXBuildFile; fileRef = 4912DBD419A655A400024D3A /* libGTLTouchStaticLib.a */; };
		4912DBDB19A67B5400024D3A /* Security.framework in Frameworks */ = {isa = PBXBuildFile; fileRef = 4912DBDA19A67B5400024D3A /* Security.framework */; };
		4912DBDD19A67B5D00024D3A /* SystemConfiguration.framework in Frameworks */ = {isa = PBXBuildFile; fileRef = 4912DBDC19A67B5D00024D3A /* SystemConfiguration.framework */; };
		4912DBDF19A67C4D00024D3A /* GTMOAuth2ViewTouch.xib in Resources */ = {isa = PBXBuildFile; fileRef = 4912DBDE19A67C4D00024D3A /* GTMOAuth2ViewTouch.xib */; };
		4912DBE219A67C6F00024D3A /* GTLDrive_Sources.m in Sources */ = {isa = PBXBuildFile; fileRef = 4912DBE019A67C6F00024D3A /* GTLDrive_Sources.m */; };
		4912DBE319A68B8700024D3A /* BrewersNotebook.xcdatamodeld in Resources */ = {isa = PBXBuildFile; fileRef = 49C145E7192AB1AA0056B05C /* BrewersNotebook.xcdatamodeld */; };
		4913F497192BDEBC0021E59F /* TheBrewersNotebookTests.m in Sources */ = {isa = PBXBuildFile; fileRef = 4913F495192BDEBC0021E59F /* TheBrewersNotebookTests.m */; };
		494819A2192AC0C7003C46A7 /* Foundation.framework in Frameworks */ = {isa = PBXBuildFile; fileRef = 49471BDC19215D6700FC970E /* Foundation.framework */; };
		494819A3192AC0C7003C46A7 /* CoreGraphics.framework in Frameworks */ = {isa = PBXBuildFile; fileRef = 49471BDE19215D6700FC970E /* CoreGraphics.framework */; };
		494819A4192AC0C7003C46A7 /* UIKit.framework in Frameworks */ = {isa = PBXBuildFile; fileRef = 49471BE019215D6700FC970E /* UIKit.framework */; };
		494819B8192AC0C7003C46A7 /* XCTest.framework in Frameworks */ = {isa = PBXBuildFile; fileRef = 49471BFB19215D6700FC970E /* XCTest.framework */; };
		494819B9192AC0C7003C46A7 /* Foundation.framework in Frameworks */ = {isa = PBXBuildFile; fileRef = 49471BDC19215D6700FC970E /* Foundation.framework */; };
		494819BA192AC0C7003C46A7 /* UIKit.framework in Frameworks */ = {isa = PBXBuildFile; fileRef = 49471BE019215D6700FC970E /* UIKit.framework */; };
		496E6D70192AC177000B95CE /* TBNEquipment.m in Sources */ = {isa = PBXBuildFile; fileRef = 49C1464F192AB3680056B05C /* TBNEquipment.m */; };
		496E6D72192AC177000B95CE /* TBNGrain.m in Sources */ = {isa = PBXBuildFile; fileRef = 49C14640192AB3680056B05C /* TBNGrain.m */; };
		496E6D74192AC177000B95CE /* TBNHop.m in Sources */ = {isa = PBXBuildFile; fileRef = 49C14652192AB3680056B05C /* TBNHop.m */; };
		496E6D76192AC177000B95CE /* TBNMash.m in Sources */ = {isa = PBXBuildFile; fileRef = 49C1463D192AB3680056B05C /* TBNMash.m */; };
		496E6D78192AC177000B95CE /* TBNMashSteps.m in Sources */ = {isa = PBXBuildFile; fileRef = 49C14649192AB3680056B05C /* TBNMashSteps.m */; };
		496E6D7A192AC177000B95CE /* TBNMisc.m in Sources */ = {isa = PBXBuildFile; fileRef = 49C14643192AB3680056B05C /* TBNMisc.m */; };
		496E6D7C192AC177000B95CE /* TBNRecipe.m in Sources */ = {isa = PBXBuildFile; fileRef = 49C14637192AB3670056B05C /* TBNRecipe.m */; };
		496E6D7E192AC177000B95CE /* TBNStyle.m in Sources */ = {isa = PBXBuildFile; fileRef = 49C1463A192AB3680056B05C /* TBNStyle.m */; };
		496E6D80192AC177000B95CE /* TBNWater.m in Sources */ = {isa = PBXBuildFile; fileRef = 49C14646192AB3680056B05C /* TBNWater.m */; };
		496E6D82192AC177000B95CE /* TBNYeast.m in Sources */ = {isa = PBXBuildFile; fileRef = 49C1464C192AB3680056B05C /* TBNYeast.m */; };
		496E6D84192AC177000B95CE /* TBNAppDelegate.m in Sources */ = {isa = PBXBuildFile; fileRef = 49471C1319215E9D00FC970E /* TBNAppDelegate.m */; };
		496E6D86192AC177000B95CE /* TBNRecipeTableViewController.m in Sources */ = {isa = PBXBuildFile; fileRef = 49471C2F19215F6E00FC970E /* TBNRecipeTableViewController.m */; };
		496E6D88192AC177000B95CE /* TBNBeerXMLEquipmentParser.m in Sources */ = {isa = PBXBuildFile; fileRef = 49C145B5192AB0CB0056B05C /* TBNBeerXMLEquipmentParser.m */; };
		496E6D8A192AC177000B95CE /* TBNBeerXMLGrainParser.m in Sources */ = {isa = PBXBuildFile; fileRef = 49C145B7192AB0CB0056B05C /* TBNBeerXMLGrainParser.m */; };
		496E6D8C192AC177000B95CE /* TBNBeerXMLHopsParser.m in Sources */ = {isa = PBXBuildFile; fileRef = 49C145B9192AB0CB0056B05C /* TBNBeerXMLHopsParser.m */; };
		496E6D8E192AC177000B95CE /* TBNBeerXMLMashParser.m in Sources */ = {isa = PBXBuildFile; fileRef = 49C145BB192AB0CB0056B05C /* TBNBeerXMLMashParser.m */; };
		496E6D90192AC177000B95CE /* TBNBeerXMLMiscParser.m in Sources */ = {isa = PBXBuildFile; fileRef = 49C145BD192AB0CB0056B05C /* TBNBeerXMLMiscParser.m */; };
		496E6D92192AC177000B95CE /* TBNBeerXMLParser.m in Sources */ = {isa = PBXBuildFile; fileRef = 49C145BF192AB0CB0056B05C /* TBNBeerXMLParser.m */; };
		496E6D94192AC177000B95CE /* TBNBeerXMLRecipeParser.m in Sources */ = {isa = PBXBuildFile; fileRef = 49C145C1192AB0CB0056B05C /* TBNBeerXMLRecipeParser.m */; };
		496E6D96192AC177000B95CE /* TBNBeerXMLStyleParser.m in Sources */ = {isa = PBXBuildFile; fileRef = 49C145C3192AB0CB0056B05C /* TBNBeerXMLStyleParser.m */; };
		496E6D98192AC177000B95CE /* TBNBeerXMLWaterParser.m in Sources */ = {isa = PBXBuildFile; fileRef = 49C145C5192AB0CB0056B05C /* TBNBeerXMLWaterParser.m */; };
		496E6D9A192AC177000B95CE /* TBNBeerXMLYeastParser.m in Sources */ = {isa = PBXBuildFile; fileRef = 49C145C7192AB0CB0056B05C /* TBNBeerXMLYeastParser.m */; };
		496E6D9C192AC182000B95CE /* CoreData.framework in Frameworks */ = {isa = PBXBuildFile; fileRef = 49481964192ABFFB003C46A7 /* CoreData.framework */; };
		496E6D9D192AC1E0000B95CE /* Main.storyboard in Resources */ = {isa = PBXBuildFile; fileRef = 49471C2B19215F4500FC970E /* Main.storyboard */; };
		496E6D9E192AC241000B95CE /* main.m in Sources */ = {isa = PBXBuildFile; fileRef = 49471C1B19215E9D00FC970E /* main.m */; };
		496E6D9F192AC256000B95CE /* Images.xcassets in Resources */ = {isa = PBXBuildFile; fileRef = 49471C1A19215E9D00FC970E /* Images.xcassets */; };
		496E6DA0192AC261000B95CE /* InfoPlist.strings in Resources */ = {isa = PBXBuildFile; fileRef = 49471C1819215E9D00FC970E /* InfoPlist.strings */; };
		496E6DA3192BCB19000B95CE /* TBNRecipeDetailViewController.m in Sources */ = {isa = PBXBuildFile; fileRef = 496E6DA2192BCB19000B95CE /* TBNRecipeDetailViewController.m */; };
		49C9333619ACF71D000CAB24 /* TBNRecipeTimerViewController.m in Sources */ = {isa = PBXBuildFile; fileRef = 49C9333519ACF71D000CAB24 /* TBNRecipeTimerViewController.m */; };
/* End PBXBuildFile section */

/* Begin PBXContainerItemProxy section */
		4912DBD119A655A400024D3A /* PBXContainerItemProxy */ = {
			isa = PBXContainerItemProxy;
			containerPortal = 4929854619A2AA5E00A1C9E8 /* GTL.xcodeproj */;
			proxyType = 2;
			remoteGlobalIDString = 4F38F6A60B66E91D00B24B81;
			remoteInfo = GTLFramework;
		};
		4912DBD319A655A400024D3A /* PBXContainerItemProxy */ = {
			isa = PBXContainerItemProxy;
			containerPortal = 4929854619A2AA5E00A1C9E8 /* GTL.xcodeproj */;
			proxyType = 2;
			remoteGlobalIDString = 4F12027C11A4CA2F00BEB470;
			remoteInfo = GTLTouchStaticLib;
		};
		4912DBD519A655A400024D3A /* PBXContainerItemProxy */ = {
			isa = PBXContainerItemProxy;
			containerPortal = 4929854619A2AA5E00A1C9E8 /* GTL.xcodeproj */;
			proxyType = 2;
			remoteGlobalIDString = 4F12027D11A4CA2F00BEB470;
			remoteInfo = GTLUnitTests;
		};
		4912DBD719A655A400024D3A /* PBXContainerItemProxy */ = {
			isa = PBXContainerItemProxy;
			containerPortal = 4929854619A2AA5E00A1C9E8 /* GTL.xcodeproj */;
			proxyType = 2;
			remoteGlobalIDString = 4F1AD9020B71603F00DC0485;
			remoteInfo = DevelopmentTestTool;
		};
		494819BB192AC0C7003C46A7 /* PBXContainerItemProxy */ = {
			isa = PBXContainerItemProxy;
			containerPortal = 49471BD119215D6700FC970E /* Project object */;
			proxyType = 1;
			remoteGlobalIDString = 494819A0192AC0C7003C46A7;
			remoteInfo = TheBrewersNotebook;
		};
/* End PBXContainerItemProxy section */

/* Begin PBXFileReference section */
		4912DBDA19A67B5400024D3A /* Security.framework */ = {isa = PBXFileReference; lastKnownFileType = wrapper.framework; name = Security.framework; path = System/Library/Frameworks/Security.framework; sourceTree = SDKROOT; };
		4912DBDC19A67B5D00024D3A /* SystemConfiguration.framework */ = {isa = PBXFileReference; lastKnownFileType = wrapper.framework; name = SystemConfiguration.framework; path = System/Library/Frameworks/SystemConfiguration.framework; sourceTree = SDKROOT; };
		4912DBDE19A67C4D00024D3A /* GTMOAuth2ViewTouch.xib */ = {isa = PBXFileReference; fileEncoding = 4; lastKnownFileType = file.xib; path = GTMOAuth2ViewTouch.xib; sourceTree = "<group>"; };
		4912DBE019A67C6F00024D3A /* GTLDrive_Sources.m */ = {isa = PBXFileReference; fileEncoding = 4; lastKnownFileType = sourcecode.c.objc; path = GTLDrive_Sources.m; sourceTree = "<group>"; };
		4912DBE119A67C6F00024D3A /* GTLDrive.h */ = {isa = PBXFileReference; fileEncoding = 4; lastKnownFileType = sourcecode.c.h; path = GTLDrive.h; sourceTree = "<group>"; };
		4913F494192BDEBC0021E59F /* TheBrewersNotebookTests-Info.plist */ = {isa = PBXFileReference; fileEncoding = 4; lastKnownFileType = text.plist.xml; path = "TheBrewersNotebookTests-Info.plist"; sourceTree = "<group>"; };
		4913F495192BDEBC0021E59F /* TheBrewersNotebookTests.m */ = {isa = PBXFileReference; fileEncoding = 4; lastKnownFileType = sourcecode.c.objc; path = TheBrewersNotebookTests.m; sourceTree = "<group>"; };
		4929854619A2AA5E00A1C9E8 /* GTL.xcodeproj */ = {isa = PBXFileReference; lastKnownFileType = "wrapper.pb-project"; name = GTL.xcodeproj; path = "../ThirdParty/google-api-objectivec-client-read-only/Source/GTL.xcodeproj"; sourceTree = "<group>"; };
		49471BDC19215D6700FC970E /* Foundation.framework */ = {isa = PBXFileReference; lastKnownFileType = wrapper.framework; name = Foundation.framework; path = System/Library/Frameworks/Foundation.framework; sourceTree = SDKROOT; };
		49471BDE19215D6700FC970E /* CoreGraphics.framework */ = {isa = PBXFileReference; lastKnownFileType = wrapper.framework; name = CoreGraphics.framework; path = System/Library/Frameworks/CoreGraphics.framework; sourceTree = SDKROOT; };
		49471BE019215D6700FC970E /* UIKit.framework */ = {isa = PBXFileReference; lastKnownFileType = wrapper.framework; name = UIKit.framework; path = System/Library/Frameworks/UIKit.framework; sourceTree = SDKROOT; };
		49471BFB19215D6700FC970E /* XCTest.framework */ = {isa = PBXFileReference; lastKnownFileType = wrapper.framework; name = XCTest.framework; path = Library/Frameworks/XCTest.framework; sourceTree = DEVELOPER_DIR; };
		49471C1219215E9D00FC970E /* TBNAppDelegate.h */ = {isa = PBXFileReference; fileEncoding = 4; lastKnownFileType = sourcecode.c.h; path = TBNAppDelegate.h; sourceTree = "<group>"; };
		49471C1319215E9D00FC970E /* TBNAppDelegate.m */ = {isa = PBXFileReference; fileEncoding = 4; lastKnownFileType = sourcecode.c.objc; path = TBNAppDelegate.m; sourceTree = "<group>"; };
		49471C1919215E9D00FC970E /* en */ = {isa = PBXFileReference; lastKnownFileType = text.plist.strings; name = en; path = en.lproj/InfoPlist.strings; sourceTree = "<group>"; };
		49471C1A19215E9D00FC970E /* Images.xcassets */ = {isa = PBXFileReference; lastKnownFileType = folder.assetcatalog; path = Images.xcassets; sourceTree = "<group>"; };
		49471C1B19215E9D00FC970E /* main.m */ = {isa = PBXFileReference; fileEncoding = 4; lastKnownFileType = sourcecode.c.objc; path = main.m; sourceTree = "<group>"; };
		49471C1C19215E9D00FC970E /* TheBrewersNotebook-Info.plist */ = {isa = PBXFileReference; fileEncoding = 4; lastKnownFileType = text.plist.xml; path = "TheBrewersNotebook-Info.plist"; sourceTree = "<group>"; };
		49471C1D19215E9D00FC970E /* TheBrewersNotebook-Prefix.pch */ = {isa = PBXFileReference; fileEncoding = 4; lastKnownFileType = sourcecode.c.h; path = "TheBrewersNotebook-Prefix.pch"; sourceTree = "<group>"; };
		49471C2C19215F4500FC970E /* Base */ = {isa = PBXFileReference; lastKnownFileType = file.storyboard; name = Base; path = Base.lproj/Main.storyboard; sourceTree = "<group>"; };
		49471C2E19215F6E00FC970E /* TBNRecipeTableViewController.h */ = {isa = PBXFileReference; fileEncoding = 4; lastKnownFileType = sourcecode.c.h; path = TBNRecipeTableViewController.h; sourceTree = "<group>"; };
		49471C2F19215F6E00FC970E /* TBNRecipeTableViewController.m */ = {isa = PBXFileReference; fileEncoding = 4; lastKnownFileType = sourcecode.c.objc; path = TBNRecipeTableViewController.m; sourceTree = "<group>"; };
		49481964192ABFFB003C46A7 /* CoreData.framework */ = {isa = PBXFileReference; lastKnownFileType = wrapper.framework; name = CoreData.framework; path = System/Library/Frameworks/CoreData.framework; sourceTree = SDKROOT; };
		494819A1192AC0C7003C46A7 /* TheBrewersNotebook.app */ = {isa = PBXFileReference; explicitFileType = wrapper.application; includeInIndex = 0; path = TheBrewersNotebook.app; sourceTree = BUILT_PRODUCTS_DIR; };
		494819B7192AC0C7003C46A7 /* TheBrewersNotebookTests.xctest */ = {isa = PBXFileReference; explicitFileType = wrapper.cfbundle; includeInIndex = 0; path = TheBrewersNotebookTests.xctest; sourceTree = BUILT_PRODUCTS_DIR; };
		496E6DA1192BCB19000B95CE /* TBNRecipeDetailViewController.h */ = {isa = PBXFileReference; fileEncoding = 4; lastKnownFileType = sourcecode.c.h; path = TBNRecipeDetailViewController.h; sourceTree = "<group>"; };
		496E6DA2192BCB19000B95CE /* TBNRecipeDetailViewController.m */ = {isa = PBXFileReference; fileEncoding = 4; lastKnownFileType = sourcecode.c.objc; path = TBNRecipeDetailViewController.m; sourceTree = "<group>"; };
		49C145B4192AB0CB0056B05C /* TBNBeerXMLEquipmentParser.h */ = {isa = PBXFileReference; fileEncoding = 4; lastKnownFileType = sourcecode.c.h; path = TBNBeerXMLEquipmentParser.h; sourceTree = "<group>"; };
		49C145B5192AB0CB0056B05C /* TBNBeerXMLEquipmentParser.m */ = {isa = PBXFileReference; fileEncoding = 4; lastKnownFileType = sourcecode.c.objc; path = TBNBeerXMLEquipmentParser.m; sourceTree = "<group>"; };
		49C145B6192AB0CB0056B05C /* TBNBeerXMLGrainParser.h */ = {isa = PBXFileReference; fileEncoding = 4; lastKnownFileType = sourcecode.c.h; path = TBNBeerXMLGrainParser.h; sourceTree = "<group>"; };
		49C145B7192AB0CB0056B05C /* TBNBeerXMLGrainParser.m */ = {isa = PBXFileReference; fileEncoding = 4; lastKnownFileType = sourcecode.c.objc; path = TBNBeerXMLGrainParser.m; sourceTree = "<group>"; };
		49C145B8192AB0CB0056B05C /* TBNBeerXMLHopsParser.h */ = {isa = PBXFileReference; fileEncoding = 4; lastKnownFileType = sourcecode.c.h; path = TBNBeerXMLHopsParser.h; sourceTree = "<group>"; };
		49C145B9192AB0CB0056B05C /* TBNBeerXMLHopsParser.m */ = {isa = PBXFileReference; fileEncoding = 4; lastKnownFileType = sourcecode.c.objc; path = TBNBeerXMLHopsParser.m; sourceTree = "<group>"; };
		49C145BA192AB0CB0056B05C /* TBNBeerXMLMashParser.h */ = {isa = PBXFileReference; fileEncoding = 4; lastKnownFileType = sourcecode.c.h; path = TBNBeerXMLMashParser.h; sourceTree = "<group>"; };
		49C145BB192AB0CB0056B05C /* TBNBeerXMLMashParser.m */ = {isa = PBXFileReference; fileEncoding = 4; lastKnownFileType = sourcecode.c.objc; path = TBNBeerXMLMashParser.m; sourceTree = "<group>"; };
		49C145BC192AB0CB0056B05C /* TBNBeerXMLMiscParser.h */ = {isa = PBXFileReference; fileEncoding = 4; lastKnownFileType = sourcecode.c.h; path = TBNBeerXMLMiscParser.h; sourceTree = "<group>"; };
		49C145BD192AB0CB0056B05C /* TBNBeerXMLMiscParser.m */ = {isa = PBXFileReference; fileEncoding = 4; lastKnownFileType = sourcecode.c.objc; path = TBNBeerXMLMiscParser.m; sourceTree = "<group>"; };
		49C145BE192AB0CB0056B05C /* TBNBeerXMLParser.h */ = {isa = PBXFileReference; fileEncoding = 4; lastKnownFileType = sourcecode.c.h; path = TBNBeerXMLParser.h; sourceTree = "<group>"; };
		49C145BF192AB0CB0056B05C /* TBNBeerXMLParser.m */ = {isa = PBXFileReference; fileEncoding = 4; lastKnownFileType = sourcecode.c.objc; path = TBNBeerXMLParser.m; sourceTree = "<group>"; };
		49C145C0192AB0CB0056B05C /* TBNBeerXMLRecipeParser.h */ = {isa = PBXFileReference; fileEncoding = 4; lastKnownFileType = sourcecode.c.h; path = TBNBeerXMLRecipeParser.h; sourceTree = "<group>"; };
		49C145C1192AB0CB0056B05C /* TBNBeerXMLRecipeParser.m */ = {isa = PBXFileReference; fileEncoding = 4; lastKnownFileType = sourcecode.c.objc; path = TBNBeerXMLRecipeParser.m; sourceTree = "<group>"; };
		49C145C2192AB0CB0056B05C /* TBNBeerXMLStyleParser.h */ = {isa = PBXFileReference; fileEncoding = 4; lastKnownFileType = sourcecode.c.h; path = TBNBeerXMLStyleParser.h; sourceTree = "<group>"; };
		49C145C3192AB0CB0056B05C /* TBNBeerXMLStyleParser.m */ = {isa = PBXFileReference; fileEncoding = 4; lastKnownFileType = sourcecode.c.objc; path = TBNBeerXMLStyleParser.m; sourceTree = "<group>"; };
		49C145C4192AB0CB0056B05C /* TBNBeerXMLWaterParser.h */ = {isa = PBXFileReference; fileEncoding = 4; lastKnownFileType = sourcecode.c.h; path = TBNBeerXMLWaterParser.h; sourceTree = "<group>"; };
		49C145C5192AB0CB0056B05C /* TBNBeerXMLWaterParser.m */ = {isa = PBXFileReference; fileEncoding = 4; lastKnownFileType = sourcecode.c.objc; path = TBNBeerXMLWaterParser.m; sourceTree = "<group>"; };
		49C145C6192AB0CB0056B05C /* TBNBeerXMLYeastParser.h */ = {isa = PBXFileReference; fileEncoding = 4; lastKnownFileType = sourcecode.c.h; path = TBNBeerXMLYeastParser.h; sourceTree = "<group>"; };
		49C145C7192AB0CB0056B05C /* TBNBeerXMLYeastParser.m */ = {isa = PBXFileReference; fileEncoding = 4; lastKnownFileType = sourcecode.c.objc; path = TBNBeerXMLYeastParser.m; sourceTree = "<group>"; };
		49C145E8192AB1AA0056B05C /* BrewersNotebook.xcdatamodel */ = {isa = PBXFileReference; lastKnownFileType = wrapper.xcdatamodel; path = BrewersNotebook.xcdatamodel; sourceTree = "<group>"; };
		49C14636192AB3670056B05C /* TBNRecipe.h */ = {isa = PBXFileReference; fileEncoding = 4; lastKnownFileType = sourcecode.c.h; path = TBNRecipe.h; sourceTree = "<group>"; };
		49C14637192AB3670056B05C /* TBNRecipe.m */ = {isa = PBXFileReference; fileEncoding = 4; lastKnownFileType = sourcecode.c.objc; path = TBNRecipe.m; sourceTree = "<group>"; };
		49C14639192AB3680056B05C /* TBNStyle.h */ = {isa = PBXFileReference; fileEncoding = 4; lastKnownFileType = sourcecode.c.h; path = TBNStyle.h; sourceTree = "<group>"; };
		49C1463A192AB3680056B05C /* TBNStyle.m */ = {isa = PBXFileReference; fileEncoding = 4; lastKnownFileType = sourcecode.c.objc; path = TBNStyle.m; sourceTree = "<group>"; };
		49C1463C192AB3680056B05C /* TBNMash.h */ = {isa = PBXFileReference; fileEncoding = 4; lastKnownFileType = sourcecode.c.h; path = TBNMash.h; sourceTree = "<group>"; };
		49C1463D192AB3680056B05C /* TBNMash.m */ = {isa = PBXFileReference; fileEncoding = 4; lastKnownFileType = sourcecode.c.objc; path = TBNMash.m; sourceTree = "<group>"; };
		49C1463F192AB3680056B05C /* TBNGrain.h */ = {isa = PBXFileReference; fileEncoding = 4; lastKnownFileType = sourcecode.c.h; path = TBNGrain.h; sourceTree = "<group>"; };
		49C14640192AB3680056B05C /* TBNGrain.m */ = {isa = PBXFileReference; fileEncoding = 4; lastKnownFileType = sourcecode.c.objc; path = TBNGrain.m; sourceTree = "<group>"; };
		49C14642192AB3680056B05C /* TBNMisc.h */ = {isa = PBXFileReference; fileEncoding = 4; lastKnownFileType = sourcecode.c.h; path = TBNMisc.h; sourceTree = "<group>"; };
		49C14643192AB3680056B05C /* TBNMisc.m */ = {isa = PBXFileReference; fileEncoding = 4; lastKnownFileType = sourcecode.c.objc; path = TBNMisc.m; sourceTree = "<group>"; };
		49C14645192AB3680056B05C /* TBNWater.h */ = {isa = PBXFileReference; fileEncoding = 4; lastKnownFileType = sourcecode.c.h; path = TBNWater.h; sourceTree = "<group>"; };
		49C14646192AB3680056B05C /* TBNWater.m */ = {isa = PBXFileReference; fileEncoding = 4; lastKnownFileType = sourcecode.c.objc; path = TBNWater.m; sourceTree = "<group>"; };
		49C14648192AB3680056B05C /* TBNMashSteps.h */ = {isa = PBXFileReference; fileEncoding = 4; lastKnownFileType = sourcecode.c.h; path = TBNMashSteps.h; sourceTree = "<group>"; };
		49C14649192AB3680056B05C /* TBNMashSteps.m */ = {isa = PBXFileReference; fileEncoding = 4; lastKnownFileType = sourcecode.c.objc; path = TBNMashSteps.m; sourceTree = "<group>"; };
		49C1464B192AB3680056B05C /* TBNYeast.h */ = {isa = PBXFileReference; fileEncoding = 4; lastKnownFileType = sourcecode.c.h; path = TBNYeast.h; sourceTree = "<group>"; };
		49C1464C192AB3680056B05C /* TBNYeast.m */ = {isa = PBXFileReference; fileEncoding = 4; lastKnownFileType = sourcecode.c.objc; path = TBNYeast.m; sourceTree = "<group>"; };
		49C1464E192AB3680056B05C /* TBNEquipment.h */ = {isa = PBXFileReference; fileEncoding = 4; lastKnownFileType = sourcecode.c.h; path = TBNEquipment.h; sourceTree = "<group>"; };
		49C1464F192AB3680056B05C /* TBNEquipment.m */ = {isa = PBXFileReference; fileEncoding = 4; lastKnownFileType = sourcecode.c.objc; path = TBNEquipment.m; sourceTree = "<group>"; };
		49C14651192AB3680056B05C /* TBNHop.h */ = {isa = PBXFileReference; fileEncoding = 4; lastKnownFileType = sourcecode.c.h; path = TBNHop.h; sourceTree = "<group>"; };
		49C14652192AB3680056B05C /* TBNHop.m */ = {isa = PBXFileReference; fileEncoding = 4; lastKnownFileType = sourcecode.c.objc; path = TBNHop.m; sourceTree = "<group>"; };
		49C9333419ACF71D000CAB24 /* TBNRecipeTimerViewController.h */ = {isa = PBXFileReference; fileEncoding = 4; lastKnownFileType = sourcecode.c.h; path = TBNRecipeTimerViewController.h; sourceTree = "<group>"; };
		49C9333519ACF71D000CAB24 /* TBNRecipeTimerViewController.m */ = {isa = PBXFileReference; fileEncoding = 4; lastKnownFileType = sourcecode.c.objc; path = TBNRecipeTimerViewController.m; sourceTree = "<group>"; };
/* End PBXFileReference section */

/* Begin PBXFrameworksBuildPhase section */
		4948199E192AC0C7003C46A7 /* Frameworks */ = {
			isa = PBXFrameworksBuildPhase;
			buildActionMask = 2147483647;
			files = (
				4912DBDD19A67B5D00024D3A /* SystemConfiguration.framework in Frameworks */,
				4912DBDB19A67B5400024D3A /* Security.framework in Frameworks */,
				4912DBD919A66EC200024D3A /* libGTLTouchStaticLib.a in Frameworks */,
				496E6D9C192AC182000B95CE /* CoreData.framework in Frameworks */,
				494819A3192AC0C7003C46A7 /* CoreGraphics.framework in Frameworks */,
				494819A4192AC0C7003C46A7 /* UIKit.framework in Frameworks */,
				494819A2192AC0C7003C46A7 /* Foundation.framework in Frameworks */,
			);
			runOnlyForDeploymentPostprocessing = 0;
		};
		494819B4192AC0C7003C46A7 /* Frameworks */ = {
			isa = PBXFrameworksBuildPhase;
			buildActionMask = 2147483647;
			files = (
				494819B8192AC0C7003C46A7 /* XCTest.framework in Frameworks */,
				494819BA192AC0C7003C46A7 /* UIKit.framework in Frameworks */,
				494819B9192AC0C7003C46A7 /* Foundation.framework in Frameworks */,
			);
			runOnlyForDeploymentPostprocessing = 0;
		};
/* End PBXFrameworksBuildPhase section */

/* Begin PBXGroup section */
		4912DBCB19A655A400024D3A /* Products */ = {
			isa = PBXGroup;
			children = (
				4912DBD219A655A400024D3A /* GTL.framework */,
				4912DBD419A655A400024D3A /* libGTLTouchStaticLib.a */,
				4912DBD619A655A400024D3A /* GTLUnitTests.xctest */,
				4912DBD819A655A400024D3A /* DevelopmentTestTool */,
			);
			name = Products;
			sourceTree = "<group>";
		};
		4913F493192BDEBC0021E59F /* TheBrewersNotebookTests */ = {
			isa = PBXGroup;
			children = (
				4913F494192BDEBC0021E59F /* TheBrewersNotebookTests-Info.plist */,
				4913F495192BDEBC0021E59F /* TheBrewersNotebookTests.m */,
			);
			path = TheBrewersNotebookTests;
			sourceTree = "<group>";
		};
		49471BD019215D6700FC970E = {
			isa = PBXGroup;
			children = (
				49471BE219215D6700FC970E /* TheBrewersNotebook */,
				4929854619A2AA5E00A1C9E8 /* GTL.xcodeproj */,
				4913F493192BDEBC0021E59F /* TheBrewersNotebookTests */,
				49471BDB19215D6700FC970E /* Frameworks */,
				49471BDA19215D6700FC970E /* Products */,
			);
			sourceTree = "<group>";
		};
		49471BDA19215D6700FC970E /* Products */ = {
			isa = PBXGroup;
			children = (
				494819A1192AC0C7003C46A7 /* TheBrewersNotebook.app */,
				494819B7192AC0C7003C46A7 /* TheBrewersNotebookTests.xctest */,
			);
			name = Products;
			sourceTree = "<group>";
		};
		49471BDB19215D6700FC970E /* Frameworks */ = {
			isa = PBXGroup;
			children = (
				4912DBDC19A67B5D00024D3A /* SystemConfiguration.framework */,
				4912DBDA19A67B5400024D3A /* Security.framework */,
				49481964192ABFFB003C46A7 /* CoreData.framework */,
				49471BDC19215D6700FC970E /* Foundation.framework */,
				49471BDE19215D6700FC970E /* CoreGraphics.framework */,
				49471BE019215D6700FC970E /* UIKit.framework */,
				49471BFB19215D6700FC970E /* XCTest.framework */,
			);
			name = Frameworks;
			sourceTree = "<group>";
		};
		49471BE219215D6700FC970E /* TheBrewersNotebook */ = {
			isa = PBXGroup;
			children = (
				4912DBE019A67C6F00024D3A /* GTLDrive_Sources.m */,
				4912DBE119A67C6F00024D3A /* GTLDrive.h */,
				49C145D2192AB1AA0056B05C /* Model */,
				49471C1119215E9D00FC970E /* Controller */,
				49C145B3192AB0CB0056B05C /* Parsers */,
				49471C1519215E9D00FC970E /* Supporting Files */,
				49471C2A19215F4500FC970E /* View */,
			);
			path = TheBrewersNotebook;
			sourceTree = "<group>";
		};
		49471C1119215E9D00FC970E /* Controller */ = {
			isa = PBXGroup;
			children = (
				49471C1219215E9D00FC970E /* TBNAppDelegate.h */,
				49471C1319215E9D00FC970E /* TBNAppDelegate.m */,
				49471C2E19215F6E00FC970E /* TBNRecipeTableViewController.h */,
				49471C2F19215F6E00FC970E /* TBNRecipeTableViewController.m */,
				496E6DA1192BCB19000B95CE /* TBNRecipeDetailViewController.h */,
				496E6DA2192BCB19000B95CE /* TBNRecipeDetailViewController.m */,
				49C9333419ACF71D000CAB24 /* TBNRecipeTimerViewController.h */,
				49C9333519ACF71D000CAB24 /* TBNRecipeTimerViewController.m */,
			);
			path = Controller;
			sourceTree = "<group>";
		};
		49471C1519215E9D00FC970E /* Supporting Files */ = {
			isa = PBXGroup;
			children = (
				4912DBDE19A67C4D00024D3A /* GTMOAuth2ViewTouch.xib */,
				49471C1819215E9D00FC970E /* InfoPlist.strings */,
				49471C1A19215E9D00FC970E /* Images.xcassets */,
				49471C1B19215E9D00FC970E /* main.m */,
				49471C1C19215E9D00FC970E /* TheBrewersNotebook-Info.plist */,
				49471C1D19215E9D00FC970E /* TheBrewersNotebook-Prefix.pch */,
			);
			path = "Supporting Files";
			sourceTree = "<group>";
		};
		49471C2A19215F4500FC970E /* View */ = {
			isa = PBXGroup;
			children = (
				49471C2B19215F4500FC970E /* Main.storyboard */,
			);
			path = View;
			sourceTree = "<group>";
		};
		49C145B3192AB0CB0056B05C /* Parsers */ = {
			isa = PBXGroup;
			children = (
				49C145B4192AB0CB0056B05C /* TBNBeerXMLEquipmentParser.h */,
				49C145B5192AB0CB0056B05C /* TBNBeerXMLEquipmentParser.m */,
				49C145B6192AB0CB0056B05C /* TBNBeerXMLGrainParser.h */,
				49C145B7192AB0CB0056B05C /* TBNBeerXMLGrainParser.m */,
				49C145B8192AB0CB0056B05C /* TBNBeerXMLHopsParser.h */,
				49C145B9192AB0CB0056B05C /* TBNBeerXMLHopsParser.m */,
				49C145BA192AB0CB0056B05C /* TBNBeerXMLMashParser.h */,
				49C145BB192AB0CB0056B05C /* TBNBeerXMLMashParser.m */,
				49C145BC192AB0CB0056B05C /* TBNBeerXMLMiscParser.h */,
				49C145BD192AB0CB0056B05C /* TBNBeerXMLMiscParser.m */,
				49C145BE192AB0CB0056B05C /* TBNBeerXMLParser.h */,
				49C145BF192AB0CB0056B05C /* TBNBeerXMLParser.m */,
				49C145C0192AB0CB0056B05C /* TBNBeerXMLRecipeParser.h */,
				49C145C1192AB0CB0056B05C /* TBNBeerXMLRecipeParser.m */,
				49C145C2192AB0CB0056B05C /* TBNBeerXMLStyleParser.h */,
				49C145C3192AB0CB0056B05C /* TBNBeerXMLStyleParser.m */,
				49C145C4192AB0CB0056B05C /* TBNBeerXMLWaterParser.h */,
				49C145C5192AB0CB0056B05C /* TBNBeerXMLWaterParser.m */,
				49C145C6192AB0CB0056B05C /* TBNBeerXMLYeastParser.h */,
				49C145C7192AB0CB0056B05C /* TBNBeerXMLYeastParser.m */,
			);
			path = Parsers;
			sourceTree = "<group>";
		};
		49C145D2192AB1AA0056B05C /* Model */ = {
			isa = PBXGroup;
			children = (
				49C145E7192AB1AA0056B05C /* BrewersNotebook.xcdatamodeld */,
				49C1464E192AB3680056B05C /* TBNEquipment.h */,
				49C1464F192AB3680056B05C /* TBNEquipment.m */,
				49C1463F192AB3680056B05C /* TBNGrain.h */,
				49C14640192AB3680056B05C /* TBNGrain.m */,
				49C14651192AB3680056B05C /* TBNHop.h */,
				49C14652192AB3680056B05C /* TBNHop.m */,
				49C1463C192AB3680056B05C /* TBNMash.h */,
				49C1463D192AB3680056B05C /* TBNMash.m */,
				49C14648192AB3680056B05C /* TBNMashSteps.h */,
				49C14649192AB3680056B05C /* TBNMashSteps.m */,
				49C14642192AB3680056B05C /* TBNMisc.h */,
				49C14643192AB3680056B05C /* TBNMisc.m */,
				49C14636192AB3670056B05C /* TBNRecipe.h */,
				49C14637192AB3670056B05C /* TBNRecipe.m */,
				49C14639192AB3680056B05C /* TBNStyle.h */,
				49C1463A192AB3680056B05C /* TBNStyle.m */,
				49C14645192AB3680056B05C /* TBNWater.h */,
				49C14646192AB3680056B05C /* TBNWater.m */,
				49C1464B192AB3680056B05C /* TBNYeast.h */,
				49C1464C192AB3680056B05C /* TBNYeast.m */,
			);
			path = Model;
			sourceTree = "<group>";
		};
/* End PBXGroup section */

/* Begin PBXNativeTarget section */
		494819A0192AC0C7003C46A7 /* TheBrewersNotebook */ = {
			isa = PBXNativeTarget;
			buildConfigurationList = 494819C5192AC0C7003C46A7 /* Build configuration list for PBXNativeTarget "TheBrewersNotebook" */;
			buildPhases = (
				4948199D192AC0C7003C46A7 /* Sources */,
				4948199E192AC0C7003C46A7 /* Frameworks */,
				4948199F192AC0C7003C46A7 /* Resources */,
			);
			buildRules = (
			);
			dependencies = (
			);
			name = TheBrewersNotebook;
			productName = TheBrewersNotebook;
			productReference = 494819A1192AC0C7003C46A7 /* TheBrewersNotebook.app */;
			productType = "com.apple.product-type.application";
		};
		494819B6192AC0C7003C46A7 /* TheBrewersNotebookTests */ = {
			isa = PBXNativeTarget;
			buildConfigurationList = 494819C8192AC0C7003C46A7 /* Build configuration list for PBXNativeTarget "TheBrewersNotebookTests" */;
			buildPhases = (
				494819B3192AC0C7003C46A7 /* Sources */,
				494819B4192AC0C7003C46A7 /* Frameworks */,
				494819B5192AC0C7003C46A7 /* Resources */,
			);
			buildRules = (
			);
			dependencies = (
				494819BC192AC0C7003C46A7 /* PBXTargetDependency */,
			);
			name = TheBrewersNotebookTests;
			productName = TheBrewersNotebookTests;
			productReference = 494819B7192AC0C7003C46A7 /* TheBrewersNotebookTests.xctest */;
			productType = "com.apple.product-type.bundle.unit-test";
		};
/* End PBXNativeTarget section */

/* Begin PBXProject section */
		49471BD119215D6700FC970E /* Project object */ = {
			isa = PBXProject;
			attributes = {
				CLASSPREFIX = TBN;
				LastUpgradeCheck = 0600;
				ORGANIZATIONNAME = ParthenonSoftwareGroup;
				TargetAttributes = {
					494819A0192AC0C7003C46A7 = {
						DevelopmentTeam = YPSZ96GDUS;
					};
					494819B6192AC0C7003C46A7 = {
						TestTargetID = 494819A0192AC0C7003C46A7;
					};
				};
			};
			buildConfigurationList = 49471BD419215D6700FC970E /* Build configuration list for PBXProject "TheBrewersNotebook" */;
			compatibilityVersion = "Xcode 3.2";
			developmentRegion = English;
			hasScannedForEncodings = 0;
			knownRegions = (
				en,
				Base,
			);
			mainGroup = 49471BD019215D6700FC970E;
			productRefGroup = 49471BDA19215D6700FC970E /* Products */;
			projectDirPath = "";
			projectReferences = (
				{
					ProductGroup = 4912DBCB19A655A400024D3A /* Products */;
					ProjectRef = 4929854619A2AA5E00A1C9E8 /* GTL.xcodeproj */;
				},
			);
			projectRoot = "";
			targets = (
				494819A0192AC0C7003C46A7 /* TheBrewersNotebook */,
				494819B6192AC0C7003C46A7 /* TheBrewersNotebookTests */,
			);
		};
/* End PBXProject section */

/* Begin PBXReferenceProxy section */
		4912DBD219A655A400024D3A /* GTL.framework */ = {
			isa = PBXReferenceProxy;
			fileType = wrapper.framework;
			path = GTL.framework;
			remoteRef = 4912DBD119A655A400024D3A /* PBXContainerItemProxy */;
			sourceTree = BUILT_PRODUCTS_DIR;
		};
		4912DBD419A655A400024D3A /* libGTLTouchStaticLib.a */ = {
			isa = PBXReferenceProxy;
			fileType = archive.ar;
			path = libGTLTouchStaticLib.a;
			remoteRef = 4912DBD319A655A400024D3A /* PBXContainerItemProxy */;
			sourceTree = BUILT_PRODUCTS_DIR;
		};
		4912DBD619A655A400024D3A /* GTLUnitTests.xctest */ = {
			isa = PBXReferenceProxy;
			fileType = wrapper.cfbundle;
			path = GTLUnitTests.xctest;
			remoteRef = 4912DBD519A655A400024D3A /* PBXContainerItemProxy */;
			sourceTree = BUILT_PRODUCTS_DIR;
		};
		4912DBD819A655A400024D3A /* DevelopmentTestTool */ = {
			isa = PBXReferenceProxy;
			fileType = "compiled.mach-o.executable";
			path = DevelopmentTestTool;
			remoteRef = 4912DBD719A655A400024D3A /* PBXContainerItemProxy */;
			sourceTree = BUILT_PRODUCTS_DIR;
		};
/* End PBXReferenceProxy section */

/* Begin PBXResourcesBuildPhase section */
		4948199F192AC0C7003C46A7 /* Resources */ = {
			isa = PBXResourcesBuildPhase;
			buildActionMask = 2147483647;
			files = (
				4912DBE319A68B8700024D3A /* BrewersNotebook.xcdatamodeld in Resources */,
				4912DBDF19A67C4D00024D3A /* GTMOAuth2ViewTouch.xib in Resources */,
				496E6DA0192AC261000B95CE /* InfoPlist.strings in Resources */,
				496E6D9F192AC256000B95CE /* Images.xcassets in Resources */,
				496E6D9D192AC1E0000B95CE /* Main.storyboard in Resources */,
			);
			runOnlyForDeploymentPostprocessing = 0;
		};
		494819B5192AC0C7003C46A7 /* Resources */ = {
			isa = PBXResourcesBuildPhase;
			buildActionMask = 2147483647;
			files = (
			);
			runOnlyForDeploymentPostprocessing = 0;
		};
/* End PBXResourcesBuildPhase section */

/* Begin PBXSourcesBuildPhase section */
		4948199D192AC0C7003C46A7 /* Sources */ = {
			isa = PBXSourcesBuildPhase;
			buildActionMask = 2147483647;
			files = (
				496E6DA3192BCB19000B95CE /* TBNRecipeDetailViewController.m in Sources */,
				49C9333619ACF71D000CAB24 /* TBNRecipeTimerViewController.m in Sources */,
				496E6D9E192AC241000B95CE /* main.m in Sources */,
				496E6D70192AC177000B95CE /* TBNEquipment.m in Sources */,
				496E6D72192AC177000B95CE /* TBNGrain.m in Sources */,
				496E6D74192AC177000B95CE /* TBNHop.m in Sources */,
				496E6D76192AC177000B95CE /* TBNMash.m in Sources */,
				496E6D78192AC177000B95CE /* TBNMashSteps.m in Sources */,
				496E6D7A192AC177000B95CE /* TBNMisc.m in Sources */,
				496E6D7C192AC177000B95CE /* TBNRecipe.m in Sources */,
				496E6D7E192AC177000B95CE /* TBNStyle.m in Sources */,
				4912DBE219A67C6F00024D3A /* GTLDrive_Sources.m in Sources */,
				496E6D80192AC177000B95CE /* TBNWater.m in Sources */,
				496E6D82192AC177000B95CE /* TBNYeast.m in Sources */,
				496E6D84192AC177000B95CE /* TBNAppDelegate.m in Sources */,
				496E6D86192AC177000B95CE /* TBNRecipeTableViewController.m in Sources */,
				496E6D88192AC177000B95CE /* TBNBeerXMLEquipmentParser.m in Sources */,
				496E6D8A192AC177000B95CE /* TBNBeerXMLGrainParser.m in Sources */,
				496E6D8C192AC177000B95CE /* TBNBeerXMLHopsParser.m in Sources */,
				496E6D8E192AC177000B95CE /* TBNBeerXMLMashParser.m in Sources */,
				496E6D90192AC177000B95CE /* TBNBeerXMLMiscParser.m in Sources */,
				496E6D92192AC177000B95CE /* TBNBeerXMLParser.m in Sources */,
				496E6D94192AC177000B95CE /* TBNBeerXMLRecipeParser.m in Sources */,
				496E6D96192AC177000B95CE /* TBNBeerXMLStyleParser.m in Sources */,
				496E6D98192AC177000B95CE /* TBNBeerXMLWaterParser.m in Sources */,
				496E6D9A192AC177000B95CE /* TBNBeerXMLYeastParser.m in Sources */,
			);
			runOnlyForDeploymentPostprocessing = 0;
		};
		494819B3192AC0C7003C46A7 /* Sources */ = {
			isa = PBXSourcesBuildPhase;
			buildActionMask = 2147483647;
			files = (
				4913F497192BDEBC0021E59F /* TheBrewersNotebookTests.m in Sources */,
			);
			runOnlyForDeploymentPostprocessing = 0;
		};
/* End PBXSourcesBuildPhase section */

/* Begin PBXTargetDependency section */
		494819BC192AC0C7003C46A7 /* PBXTargetDependency */ = {
			isa = PBXTargetDependency;
			target = 494819A0192AC0C7003C46A7 /* TheBrewersNotebook */;
			targetProxy = 494819BB192AC0C7003C46A7 /* PBXContainerItemProxy */;
		};
/* End PBXTargetDependency section */

/* Begin PBXVariantGroup section */
		49471C1819215E9D00FC970E /* InfoPlist.strings */ = {
			isa = PBXVariantGroup;
			children = (
				49471C1919215E9D00FC970E /* en */,
			);
			name = InfoPlist.strings;
			sourceTree = "<group>";
		};
		49471C2B19215F4500FC970E /* Main.storyboard */ = {
			isa = PBXVariantGroup;
			children = (
				49471C2C19215F4500FC970E /* Base */,
			);
			name = Main.storyboard;
			sourceTree = "<group>";
		};
/* End PBXVariantGroup section */

/* Begin XCBuildConfiguration section */
		4913F490192BD4380021E59F /* TestFlight Release */ = {
			isa = XCBuildConfiguration;
			buildSettings = {
				ALWAYS_SEARCH_USER_PATHS = NO;
				ARCHS = (
					armv7s,
					armv7,
				);
				CLANG_CXX_LANGUAGE_STANDARD = "gnu++0x";
				CLANG_CXX_LIBRARY = "libc++";
				CLANG_ENABLE_MODULES = YES;
				CLANG_ENABLE_OBJC_ARC = YES;
				CLANG_WARN_BOOL_CONVERSION = YES;
				CLANG_WARN_CONSTANT_CONVERSION = YES;
				CLANG_WARN_DIRECT_OBJC_ISA_USAGE = YES_ERROR;
				CLANG_WARN_EMPTY_BODY = YES;
				CLANG_WARN_ENUM_CONVERSION = YES;
				CLANG_WARN_INT_CONVERSION = YES;
				CLANG_WARN_OBJC_ROOT_CLASS = YES_ERROR;
				CLANG_WARN__DUPLICATE_METHOD_MATCH = YES;
				"CODE_SIGN_IDENTITY[sdk=iphoneos*]" = "iPhone Distribution";
				COPY_PHASE_STRIP = YES;
				ENABLE_NS_ASSERTIONS = NO;
				GCC_C_LANGUAGE_STANDARD = gnu99;
				GCC_WARN_64_TO_32_BIT_CONVERSION = YES;
				GCC_WARN_ABOUT_RETURN_TYPE = YES_ERROR;
				GCC_WARN_UNDECLARED_SELECTOR = YES;
				GCC_WARN_UNINITIALIZED_AUTOS = YES_AGGRESSIVE;
				GCC_WARN_UNUSED_FUNCTION = YES;
				GCC_WARN_UNUSED_VARIABLE = YES;
				IPHONEOS_DEPLOYMENT_TARGET = 7.1;
				OTHER_LDFLAGS = (
					"-ObjC",
					"-all_load",
				);
				PROVISIONING_PROFILE = "E185F4BB-A96F-4448-8450-C0D2AB107DDC";
				SDKROOT = iphoneos;
				USER_HEADER_SEARCH_PATHS = "../ThirdParty/google-api-objectivec-client-read-only/Source/**";
				VALIDATE_PRODUCT = YES;
				VALID_ARCHS = "armv7 armv7s";
			};
			name = "TestFlight Release";
		};
		4913F491192BD4380021E59F /* TestFlight Release */ = {
			isa = XCBuildConfiguration;
			buildSettings = {
				ASSETCATALOG_COMPILER_APPICON_NAME = AppIcon;
				ASSETCATALOG_COMPILER_LAUNCHIMAGE_NAME = LaunchImage;
				CODE_SIGN_IDENTITY = "iPhone Distribution: Parthenon Software Group, Inc. (YPSZ96GDUS)";
				GCC_PRECOMPILE_PREFIX_HEADER = YES;
				GCC_PREFIX_HEADER = "TheBrewersNotebook/Supporting Files/TheBrewersNotebook-Prefix.pch";
				INFOPLIST_FILE = "TheBrewersNotebook/Supporting Files/TheBrewersNotebook-Info.plist";
				PRODUCT_NAME = "$(TARGET_NAME)";
				PROVISIONING_PROFILE = "33C9FC14-6D2E-4B77-A29E-B7032B64C11D";
				WRAPPER_EXTENSION = app;
			};
			name = "TestFlight Release";
		};
		4913F492192BD4380021E59F /* TestFlight Release */ = {
			isa = XCBuildConfiguration;
			buildSettings = {
				BUNDLE_LOADER = "$(BUILT_PRODUCTS_DIR)/TheBrewersNotebook.app/TheBrewersNotebook";
				FRAMEWORK_SEARCH_PATHS = (
					"$(SDKROOT)/Developer/Library/Frameworks",
					"$(inherited)",
					"$(DEVELOPER_FRAMEWORKS_DIR)",
				);
				GCC_PRECOMPILE_PREFIX_HEADER = YES;
				GCC_PREFIX_HEADER = "TheBrewersNotebook/Supporting Files/TheBrewersNotebook-Prefix.pch";
				INFOPLIST_FILE = "TheBrewersNotebookTests/TheBrewersNotebookTests-Info.plist";
				PRODUCT_NAME = "$(TARGET_NAME)";
				TEST_HOST = "$(BUNDLE_LOADER)";
				WRAPPER_EXTENSION = xctest;
			};
			name = "TestFlight Release";
		};
		49471C0919215D6700FC970E /* Debug */ = {
			isa = XCBuildConfiguration;
			buildSettings = {
				ALWAYS_SEARCH_USER_PATHS = NO;
				ARCHS = (
					armv7s,
					armv7,
				);
				CLANG_CXX_LANGUAGE_STANDARD = "gnu++0x";
				CLANG_CXX_LIBRARY = "libc++";
				CLANG_ENABLE_MODULES = YES;
				CLANG_ENABLE_OBJC_ARC = YES;
				CLANG_WARN_BOOL_CONVERSION = YES;
				CLANG_WARN_CONSTANT_CONVERSION = YES;
				CLANG_WARN_DIRECT_OBJC_ISA_USAGE = YES_ERROR;
				CLANG_WARN_EMPTY_BODY = YES;
				CLANG_WARN_ENUM_CONVERSION = YES;
				CLANG_WARN_INT_CONVERSION = YES;
				CLANG_WARN_OBJC_ROOT_CLASS = YES_ERROR;
				CLANG_WARN__DUPLICATE_METHOD_MATCH = YES;
				"CODE_SIGN_IDENTITY[sdk=iphoneos*]" = "iPhone Developer";
				COPY_PHASE_STRIP = NO;
				GCC_C_LANGUAGE_STANDARD = gnu99;
				GCC_DYNAMIC_NO_PIC = NO;
				GCC_OPTIMIZATION_LEVEL = 0;
				GCC_PREPROCESSOR_DEFINITIONS = (
					"DEBUG=1",
					"$(inherited)",
				);
				GCC_SYMBOLS_PRIVATE_EXTERN = NO;
				GCC_WARN_64_TO_32_BIT_CONVERSION = YES;
				GCC_WARN_ABOUT_RETURN_TYPE = YES_ERROR;
				GCC_WARN_UNDECLARED_SELECTOR = YES;
				GCC_WARN_UNINITIALIZED_AUTOS = YES_AGGRESSIVE;
				GCC_WARN_UNUSED_FUNCTION = YES;
				GCC_WARN_UNUSED_VARIABLE = YES;
				IPHONEOS_DEPLOYMENT_TARGET = 7.1;
				ONLY_ACTIVE_ARCH = YES;
				OTHER_LDFLAGS = (
					"-ObjC",
					"-all_load",
				);
				PROVISIONING_PROFILE = "E185F4BB-A96F-4448-8450-C0D2AB107DDC";
				SDKROOT = iphoneos;
				USER_HEADER_SEARCH_PATHS = "../ThirdParty/google-api-objectivec-client-read-only/Source/**";
				VALID_ARCHS = "armv7 armv7s";
			};
			name = Debug;
		};
		49471C0A19215D6700FC970E /* Release */ = {
			isa = XCBuildConfiguration;
			buildSettings = {
				ALWAYS_SEARCH_USER_PATHS = NO;
				ARCHS = (
					armv7s,
					armv7,
				);
				CLANG_CXX_LANGUAGE_STANDARD = "gnu++0x";
				CLANG_CXX_LIBRARY = "libc++";
				CLANG_ENABLE_MODULES = YES;
				CLANG_ENABLE_OBJC_ARC = YES;
				CLANG_WARN_BOOL_CONVERSION = YES;
				CLANG_WARN_CONSTANT_CONVERSION = YES;
				CLANG_WARN_DIRECT_OBJC_ISA_USAGE = YES_ERROR;
				CLANG_WARN_EMPTY_BODY = YES;
				CLANG_WARN_ENUM_CONVERSION = YES;
				CLANG_WARN_INT_CONVERSION = YES;
				CLANG_WARN_OBJC_ROOT_CLASS = YES_ERROR;
				CLANG_WARN__DUPLICATE_METHOD_MATCH = YES;
				"CODE_SIGN_IDENTITY[sdk=iphoneos*]" = "iPhone Developer";
				COPY_PHASE_STRIP = YES;
				ENABLE_NS_ASSERTIONS = NO;
				GCC_C_LANGUAGE_STANDARD = gnu99;
				GCC_WARN_64_TO_32_BIT_CONVERSION = YES;
				GCC_WARN_ABOUT_RETURN_TYPE = YES_ERROR;
				GCC_WARN_UNDECLARED_SELECTOR = YES;
				GCC_WARN_UNINITIALIZED_AUTOS = YES_AGGRESSIVE;
				GCC_WARN_UNUSED_FUNCTION = YES;
				GCC_WARN_UNUSED_VARIABLE = YES;
				IPHONEOS_DEPLOYMENT_TARGET = 7.1;
				OTHER_LDFLAGS = (
					"-ObjC",
					"-all_load",
				);
				PROVISIONING_PROFILE = "E185F4BB-A96F-4448-8450-C0D2AB107DDC";
				SDKROOT = iphoneos;
				USER_HEADER_SEARCH_PATHS = "../ThirdParty/google-api-objectivec-client-read-only/Source/**";
				VALIDATE_PRODUCT = YES;
				VALID_ARCHS = "armv7 armv7s";
			};
			name = Release;
		};
		494819C6192AC0C7003C46A7 /* Debug */ = {
			isa = XCBuildConfiguration;
			buildSettings = {
				ASSETCATALOG_COMPILER_APPICON_NAME = AppIcon;
				ASSETCATALOG_COMPILER_LAUNCHIMAGE_NAME = LaunchImage;
				CODE_SIGN_IDENTITY = "iPhone Developer";
				GCC_PRECOMPILE_PREFIX_HEADER = YES;
				GCC_PREFIX_HEADER = "TheBrewersNotebook/Supporting Files/TheBrewersNotebook-Prefix.pch";
				GCC_PREPROCESSOR_DEFINITIONS = (
					"DEBUG=1",
					"$(inherited)",
				);
				INFOPLIST_FILE = "TheBrewersNotebook/Supporting Files/TheBrewersNotebook-Info.plist";
				PRODUCT_NAME = "$(TARGET_NAME)";
				WRAPPER_EXTENSION = app;
			};
			name = Debug;
		};
		494819C7192AC0C7003C46A7 /* Release */ = {
			isa = XCBuildConfiguration;
			buildSettings = {
				ASSETCATALOG_COMPILER_APPICON_NAME = AppIcon;
				ASSETCATALOG_COMPILER_LAUNCHIMAGE_NAME = LaunchImage;
				CODE_SIGN_IDENTITY = "iPhone Developer";
				GCC_PRECOMPILE_PREFIX_HEADER = YES;
				GCC_PREFIX_HEADER = "TheBrewersNotebook/Supporting Files/TheBrewersNotebook-Prefix.pch";
				INFOPLIST_FILE = "TheBrewersNotebook/Supporting Files/TheBrewersNotebook-Info.plist";
				PRODUCT_NAME = "$(TARGET_NAME)";
				WRAPPER_EXTENSION = app;
			};
			name = Release;
		};
		494819C9192AC0C7003C46A7 /* Debug */ = {
			isa = XCBuildConfiguration;
			buildSettings = {
				BUNDLE_LOADER = "$(BUILT_PRODUCTS_DIR)/TheBrewersNotebook.app/TheBrewersNotebook";
				FRAMEWORK_SEARCH_PATHS = (
					"$(SDKROOT)/Developer/Library/Frameworks",
					"$(inherited)",
					"$(DEVELOPER_FRAMEWORKS_DIR)",
				);
				GCC_PRECOMPILE_PREFIX_HEADER = YES;
				GCC_PREFIX_HEADER = "TheBrewersNotebook/Supporting Files/TheBrewersNotebook-Prefix.pch";
				GCC_PREPROCESSOR_DEFINITIONS = (
					"DEBUG=1",
					"$(inherited)",
				);
				INFOPLIST_FILE = "TheBrewersNotebookTests/TheBrewersNotebookTests-Info.plist";
				PRODUCT_NAME = "$(TARGET_NAME)";
				TEST_HOST = "$(BUNDLE_LOADER)";
				WRAPPER_EXTENSION = xctest;
			};
			name = Debug;
		};
		494819CA192AC0C7003C46A7 /* Release */ = {
			isa = XCBuildConfiguration;
			buildSettings = {
				BUNDLE_LOADER = "$(BUILT_PRODUCTS_DIR)/TheBrewersNotebook.app/TheBrewersNotebook";
				FRAMEWORK_SEARCH_PATHS = (
					"$(SDKROOT)/Developer/Library/Frameworks",
					"$(inherited)",
					"$(DEVELOPER_FRAMEWORKS_DIR)",
				);
				GCC_PRECOMPILE_PREFIX_HEADER = YES;
				GCC_PREFIX_HEADER = "TheBrewersNotebook/Supporting Files/TheBrewersNotebook-Prefix.pch";
				INFOPLIST_FILE = "TheBrewersNotebookTests/TheBrewersNotebookTests-Info.plist";
				PRODUCT_NAME = "$(TARGET_NAME)";
				TEST_HOST = "$(BUNDLE_LOADER)";
				WRAPPER_EXTENSION = xctest;
			};
			name = Release;
		};
		49554DBA19AD0DC500C422A6 /* TestFlight */ = {
			isa = XCBuildConfiguration;
			buildSettings = {
				ALWAYS_SEARCH_USER_PATHS = NO;
				ARCHS = (
					armv7s,
					armv7,
				);
				CLANG_CXX_LANGUAGE_STANDARD = "gnu++0x";
				CLANG_CXX_LIBRARY = "libc++";
				CLANG_ENABLE_MODULES = YES;
				CLANG_ENABLE_OBJC_ARC = YES;
				CLANG_WARN_BOOL_CONVERSION = YES;
				CLANG_WARN_CONSTANT_CONVERSION = YES;
				CLANG_WARN_DIRECT_OBJC_ISA_USAGE = YES_ERROR;
				CLANG_WARN_EMPTY_BODY = YES;
				CLANG_WARN_ENUM_CONVERSION = YES;
				CLANG_WARN_INT_CONVERSION = YES;
				CLANG_WARN_OBJC_ROOT_CLASS = YES_ERROR;
				CLANG_WARN__DUPLICATE_METHOD_MATCH = YES;
				"CODE_SIGN_IDENTITY[sdk=iphoneos*]" = "iPhone Developer";
				COPY_PHASE_STRIP = NO;
				GCC_C_LANGUAGE_STANDARD = gnu99;
				GCC_DYNAMIC_NO_PIC = NO;
				GCC_OPTIMIZATION_LEVEL = 0;
				GCC_PREPROCESSOR_DEFINITIONS = (
					"DEBUG=1",
					"$(inherited)",
				);
				GCC_SYMBOLS_PRIVATE_EXTERN = NO;
				GCC_WARN_64_TO_32_BIT_CONVERSION = YES;
				GCC_WARN_ABOUT_RETURN_TYPE = YES_ERROR;
				GCC_WARN_UNDECLARED_SELECTOR = YES;
				GCC_WARN_UNINITIALIZED_AUTOS = YES_AGGRESSIVE;
				GCC_WARN_UNUSED_FUNCTION = YES;
				GCC_WARN_UNUSED_VARIABLE = YES;
				IPHONEOS_DEPLOYMENT_TARGET = 7.1;
				ONLY_ACTIVE_ARCH = YES;
				OTHER_LDFLAGS = (
					"-ObjC",
					"-all_load",
				);
				PROVISIONING_PROFILE = "E185F4BB-A96F-4448-8450-C0D2AB107DDC";
				SDKROOT = iphoneos;
				USER_HEADER_SEARCH_PATHS = "../ThirdParty/google-api-objectivec-client-read-only/Source/**";
				VALID_ARCHS = "armv7 armv7s";
			};
			name = TestFlight;
		};
		49554DBB19AD0DC500C422A6 /* TestFlight */ = {
			isa = XCBuildConfiguration;
			buildSettings = {
				ASSETCATALOG_COMPILER_APPICON_NAME = AppIcon;
				ASSETCATALOG_COMPILER_LAUNCHIMAGE_NAME = LaunchImage;
				CODE_SIGN_IDENTITY = "iPhone Developer";
				GCC_PRECOMPILE_PREFIX_HEADER = YES;
				GCC_PREFIX_HEADER = "TheBrewersNotebook/Supporting Files/TheBrewersNotebook-Prefix.pch";
				GCC_PREPROCESSOR_DEFINITIONS = (
					"DEBUG=1",
					"$(inherited)",
				);
				INFOPLIST_FILE = "TheBrewersNotebook/Supporting Files/TheBrewersNotebook-Info.plist";
				PRODUCT_NAME = "$(TARGET_NAME)";
				WRAPPER_EXTENSION = app;
			};
			name = TestFlight;
		};
		49554DBC19AD0DC500C422A6 /* TestFlight */ = {
			isa = XCBuildConfiguration;
			buildSettings = {
				BUNDLE_LOADER = "$(BUILT_PRODUCTS_DIR)/TheBrewersNotebook.app/TheBrewersNotebook";
				FRAMEWORK_SEARCH_PATHS = (
					"$(SDKROOT)/Developer/Library/Frameworks",
					"$(inherited)",
					"$(DEVELOPER_FRAMEWORKS_DIR)",
				);
				GCC_PRECOMPILE_PREFIX_HEADER = YES;
				GCC_PREFIX_HEADER = "TheBrewersNotebook/Supporting Files/TheBrewersNotebook-Prefix.pch";
				GCC_PREPROCESSOR_DEFINITIONS = (
					"DEBUG=1",
					"$(inherited)",
				);
				INFOPLIST_FILE = "TheBrewersNotebookTests/TheBrewersNotebookTests-Info.plist";
				PRODUCT_NAME = "$(TARGET_NAME)";
				TEST_HOST = "$(BUNDLE_LOADER)";
				WRAPPER_EXTENSION = xctest;
			};
			name = TestFlight;
		};
/* End XCBuildConfiguration section */

/* Begin XCConfigurationList section */
		49471BD419215D6700FC970E /* Build configuration list for PBXProject "TheBrewersNotebook" */ = {
			isa = XCConfigurationList;
			buildConfigurations = (
				49471C0919215D6700FC970E /* Debug */,
				49554DBA19AD0DC500C422A6 /* TestFlight */,
				49471C0A19215D6700FC970E /* Release */,
				4913F490192BD4380021E59F /* TestFlight Release */,
			);
			defaultConfigurationIsVisible = 0;
			defaultConfigurationName = Release;
		};
		494819C5192AC0C7003C46A7 /* Build configuration list for PBXNativeTarget "TheBrewersNotebook" */ = {
			isa = XCConfigurationList;
			buildConfigurations = (
				494819C6192AC0C7003C46A7 /* Debug */,
				49554DBB19AD0DC500C422A6 /* TestFlight */,
				494819C7192AC0C7003C46A7 /* Release */,
				4913F491192BD4380021E59F /* TestFlight Release */,
			);
			defaultConfigurationIsVisible = 0;
			defaultConfigurationName = Release;
		};
		494819C8192AC0C7003C46A7 /* Build configuration list for PBXNativeTarget "TheBrewersNotebookTests" */ = {
			isa = XCConfigurationList;
			buildConfigurations = (
				494819C9192AC0C7003C46A7 /* Debug */,
				49554DBC19AD0DC500C422A6 /* TestFlight */,
				494819CA192AC0C7003C46A7 /* Release */,
				4913F492192BD4380021E59F /* TestFlight Release */,
			);
			defaultConfigurationIsVisible = 0;
			defaultConfigurationName = Release;
		};
/* End XCConfigurationList section */

/* Begin XCVersionGroup section */
		49C145E7192AB1AA0056B05C /* BrewersNotebook.xcdatamodeld */ = {
			isa = XCVersionGroup;
			children = (
				49C145E8192AB1AA0056B05C /* BrewersNotebook.xcdatamodel */,
			);
			currentVersion = 49C145E8192AB1AA0056B05C /* BrewersNotebook.xcdatamodel */;
			path = BrewersNotebook.xcdatamodeld;
			sourceTree = "<group>";
			versionGroupType = wrapper.xcdatamodel;
		};
/* End XCVersionGroup section */
	};
	rootObject = 49471BD119215D6700FC970E /* Project object */;
}
